
Microsoft Visual Studio Solution File, Format Version 12.00
# Visual Studio Version 16
VisualStudioVersion = 16.0.30717.126
MinimumVisualStudioVersion = 10.0.40219.1
Project("{FAE04EC0-301F-11D3-BF4B-00C04F79EFBC}") = "SignalR practice", "SignalR practice\SignalR practice.csproj", "{0C818BD5-B16E-48EE-8C5F-D0C967C9EDCC}"
EndProject
Global
	GlobalSection(SolutionConfigurationPlatforms) = preSolution
		Debug|Any CPU = Debug|Any CPU
		Release|Any CPU = Release|Any CPU
	EndGlobalSection
	GlobalSection(ProjectConfigurationPlatforms) = postSolution
		{0C818BD5-B16E-48EE-8C5F-D0C967C9EDCC}.Debug|Any CPU.ActiveCfg = Debug|Any CPU
		{0C818BD5-B16E-48EE-8C5F-D0C967C9EDCC}.Debug|Any CPU.Build.0 = Debug|Any CPU
		{0C818BD5-B16E-48EE-8C5F-D0C967C9EDCC}.Release|Any CPU.ActiveCfg = Release|Any CPU
		{0C818BD5-B16E-48EE-8C5F-D0C967C9EDCC}.Release|Any CPU.Build.0 = Release|Any CPU
	EndGlobalSection
	GlobalSection(SolutionProperties) = preSolution
		HideSolutionNode = FALSE
	EndGlobalSection
	GlobalSection(ExtensibilityGlobals) = postSolution
		SolutionGuid = {304E2F19-C405-44B2-B628-B98DD6742733}
	EndGlobalSection
EndGlobal
